
Microsoft Visual Studio Solution File, Format Version 12.00
Project("{2150E333-8FDC-42A3-9474-1A3956D46DE8}") = "src", "src", "{E3070674-B786-4B66-995D-31CDF7F967BB}"
EndProject
Project("{2150E333-8FDC-42A3-9474-1A3956D46DE8}") = "Core", "Core", "{A22B1E36-DB3E-49C9-8E40-1AD1D35572B8}"
EndProject
Project("{2150E333-8FDC-42A3-9474-1A3956D46DE8}") = "Infrastructure", "Infrastructure", "{185FF647-64DC-44B4-8292-42882953C78E}"
EndProject
Project("{2150E333-8FDC-42A3-9474-1A3956D46DE8}") = "UI", "UI", "{31A1DB46-A7AA-49B5-9F69-CF71B9061C41}"
EndProject
Project("{2150E333-8FDC-42A3-9474-1A3956D46DE8}") = "Application", "Application", "{B48381C4-9EA2-45E9-A188-2672F649CEC2}"
EndProject
Project("{2150E333-8FDC-42A3-9474-1A3956D46DE8}") = "Domain", "Domain", "{F25F30EF-9853-49F9-8AC4-D5AE469B597D}"
EndProject
Project("{FAE04EC0-301F-11D3-BF4B-00C04F79EFBC}") = "MuseWave.Application", "MuseWave.Application\MuseWave.Application.csproj", "{317F0677-4F4A-4837-A7A0-D2FF1A36B761}"
EndProject
Project("{FAE04EC0-301F-11D3-BF4B-00C04F79EFBC}") = "MuseWave.Domain", "MuseWave.Domain\MuseWave.Domain.csproj", "{E174E317-43F7-49FA-927C-0BE5EB248AA6}"
EndProject
Project("{FAE04EC0-301F-11D3-BF4B-00C04F79EFBC}") = "Infrastructure", "Infrastructure\Infrastructure.csproj", "{8AAF4FFF-05FB-4670-80FA-B16393082ECC}"
EndProject
Project("{FAE04EC0-301F-11D3-BF4B-00C04F79EFBC}") = "Identity", "Identity\Identity.csproj", "{008D868C-315A-4756-A242-1DCD7A9DA3AD}"
EndProject
Project("{2150E333-8FDC-42A3-9474-1A3956D46DE8}") = "API", "API", "{88EF3B0D-8808-476F-B6CB-79ECAD393447}"
EndProject
Project("{FAE04EC0-301F-11D3-BF4B-00C04F79EFBC}") = "MuseWave.API", "MuseWave.API\MuseWave.API.csproj", "{05A49E6D-167D-45F7-A889-770868B89B22}"
EndProject
Global
	GlobalSection(SolutionConfigurationPlatforms) = preSolution
		Debug|Any CPU = Debug|Any CPU
		Release|Any CPU = Release|Any CPU
	EndGlobalSection
	GlobalSection(ProjectConfigurationPlatforms) = postSolution
		{317F0677-4F4A-4837-A7A0-D2FF1A36B761}.Debug|Any CPU.ActiveCfg = Debug|Any CPU
		{317F0677-4F4A-4837-A7A0-D2FF1A36B761}.Debug|Any CPU.Build.0 = Debug|Any CPU
		{317F0677-4F4A-4837-A7A0-D2FF1A36B761}.Release|Any CPU.ActiveCfg = Release|Any CPU
		{317F0677-4F4A-4837-A7A0-D2FF1A36B761}.Release|Any CPU.Build.0 = Release|Any CPU
		{E174E317-43F7-49FA-927C-0BE5EB248AA6}.Debug|Any CPU.ActiveCfg = Debug|Any CPU
		{E174E317-43F7-49FA-927C-0BE5EB248AA6}.Debug|Any CPU.Build.0 = Debug|Any CPU
		{E174E317-43F7-49FA-927C-0BE5EB248AA6}.Release|Any CPU.ActiveCfg = Release|Any CPU
		{E174E317-43F7-49FA-927C-0BE5EB248AA6}.Release|Any CPU.Build.0 = Release|Any CPU
		{8AAF4FFF-05FB-4670-80FA-B16393082ECC}.Debug|Any CPU.ActiveCfg = Debug|Any CPU
		{8AAF4FFF-05FB-4670-80FA-B16393082ECC}.Debug|Any CPU.Build.0 = Debug|Any CPU
		{8AAF4FFF-05FB-4670-80FA-B16393082ECC}.Release|Any CPU.ActiveCfg = Release|Any CPU
		{8AAF4FFF-05FB-4670-80FA-B16393082ECC}.Release|Any CPU.Build.0 = Release|Any CPU
		{008D868C-315A-4756-A242-1DCD7A9DA3AD}.Debug|Any CPU.ActiveCfg = Debug|Any CPU
		{008D868C-315A-4756-A242-1DCD7A9DA3AD}.Debug|Any CPU.Build.0 = Debug|Any CPU
		{008D868C-315A-4756-A242-1DCD7A9DA3AD}.Release|Any CPU.ActiveCfg = Release|Any CPU
		{008D868C-315A-4756-A242-1DCD7A9DA3AD}.Release|Any CPU.Build.0 = Release|Any CPU
		{05A49E6D-167D-45F7-A889-770868B89B22}.Debug|Any CPU.ActiveCfg = Debug|Any CPU
		{05A49E6D-167D-45F7-A889-770868B89B22}.Debug|Any CPU.Build.0 = Debug|Any CPU
		{05A49E6D-167D-45F7-A889-770868B89B22}.Release|Any CPU.ActiveCfg = Release|Any CPU
		{05A49E6D-167D-45F7-A889-770868B89B22}.Release|Any CPU.Build.0 = Release|Any CPU
	EndGlobalSection
	GlobalSection(NestedProjects) = preSolution
		{A22B1E36-DB3E-49C9-8E40-1AD1D35572B8} = {E3070674-B786-4B66-995D-31CDF7F967BB}
		{185FF647-64DC-44B4-8292-42882953C78E} = {E3070674-B786-4B66-995D-31CDF7F967BB}
		{31A1DB46-A7AA-49B5-9F69-CF71B9061C41} = {E3070674-B786-4B66-995D-31CDF7F967BB}
		{B48381C4-9EA2-45E9-A188-2672F649CEC2} = {A22B1E36-DB3E-49C9-8E40-1AD1D35572B8}
		{F25F30EF-9853-49F9-8AC4-D5AE469B597D} = {A22B1E36-DB3E-49C9-8E40-1AD1D35572B8}
		{317F0677-4F4A-4837-A7A0-D2FF1A36B761} = {B48381C4-9EA2-45E9-A188-2672F649CEC2}
		{E174E317-43F7-49FA-927C-0BE5EB248AA6} = {F25F30EF-9853-49F9-8AC4-D5AE469B597D}
		{8AAF4FFF-05FB-4670-80FA-B16393082ECC} = {185FF647-64DC-44B4-8292-42882953C78E}
		{008D868C-315A-4756-A242-1DCD7A9DA3AD} = {185FF647-64DC-44B4-8292-42882953C78E}
		{88EF3B0D-8808-476F-B6CB-79ECAD393447} = {E3070674-B786-4B66-995D-31CDF7F967BB}
		{05A49E6D-167D-45F7-A889-770868B89B22} = {88EF3B0D-8808-476F-B6CB-79ECAD393447}
	EndGlobalSection
EndGlobal
